// !$*UTF8*$!
{
	archiveVersion = 1;
	classes = {
	};
	objectVersion = 56;
	objects = {

/* Begin PBXBuildFile section */
		968391972C166B580026AFAE /* Image+Extensions.swift in Sources */ = {isa = PBXBuildFile; fileRef = 968391962C166B580026AFAE /* Image+Extensions.swift */; };
		96D200672C14B59F001B4B56 /* SummerCampApp.swift in Sources */ = {isa = PBXBuildFile; fileRef = 96D200662C14B59F001B4B56 /* SummerCampApp.swift */; };
		96D200692C14B59F001B4B56 /* ContentView.swift in Sources */ = {isa = PBXBuildFile; fileRef = 96D200682C14B59F001B4B56 /* ContentView.swift */; };
		96D2006B2C14B5A0001B4B56 /* Assets.xcassets in Resources */ = {isa = PBXBuildFile; fileRef = 96D2006A2C14B5A0001B4B56 /* Assets.xcassets */; };
		96D2006E2C14B5A0001B4B56 /* Preview Assets.xcassets in Resources */ = {isa = PBXBuildFile; fileRef = 96D2006D2C14B5A0001B4B56 /* Preview Assets.xcassets */; };
		96D200752C15414B001B4B56 /* CampStore.swift in Sources */ = {isa = PBXBuildFile; fileRef = 96D200742C15414B001B4B56 /* CampStore.swift */; };
		96D200772C154192001B4B56 /* SDScheduleItem.swift in Sources */ = {isa = PBXBuildFile; fileRef = 96D200762C154192001B4B56 /* SDScheduleItem.swift */; };
		96D2007B2C15495C001B4B56 /* SDActivity.swift in Sources */ = {isa = PBXBuildFile; fileRef = 96D2007A2C15495C001B4B56 /* SDActivity.swift */; };
		96D2007D2C164D10001B4B56 /* ActivityParser.swift in Sources */ = {isa = PBXBuildFile; fileRef = 96D2007C2C164D10001B4B56 /* ActivityParser.swift */; };
		96D2007F2C1660A0001B4B56 /* DayView.swift in Sources */ = {isa = PBXBuildFile; fileRef = 96D2007E2C1660A0001B4B56 /* DayView.swift */; };
		96D200812C1660BD001B4B56 /* ScheduleView.swift in Sources */ = {isa = PBXBuildFile; fileRef = 96D200802C1660BD001B4B56 /* ScheduleView.swift */; };
		96D200832C1660D2001B4B56 /* View+Extensions.swift in Sources */ = {isa = PBXBuildFile; fileRef = 96D200822C1660D2001B4B56 /* View+Extensions.swift */; };
/* End PBXBuildFile section */

/* Begin PBXFileReference section */
		968391962C166B580026AFAE /* Image+Extensions.swift */ = {isa = PBXFileReference; lastKnownFileType = sourcecode.swift; path = "Image+Extensions.swift"; sourceTree = "<group>"; };
		96D200632C14B59F001B4B56 /* SummerCamp.app */ = {isa = PBXFileReference; explicitFileType = wrapper.application; includeInIndex = 0; path = SummerCamp.app; sourceTree = BUILT_PRODUCTS_DIR; };
		96D200662C14B59F001B4B56 /* SummerCampApp.swift */ = {isa = PBXFileReference; lastKnownFileType = sourcecode.swift; path = SummerCampApp.swift; sourceTree = "<group>"; };
		96D200682C14B59F001B4B56 /* ContentView.swift */ = {isa = PBXFileReference; lastKnownFileType = sourcecode.swift; path = ContentView.swift; sourceTree = "<group>"; };
		96D2006A2C14B5A0001B4B56 /* Assets.xcassets */ = {isa = PBXFileReference; lastKnownFileType = folder.assetcatalog; path = Assets.xcassets; sourceTree = "<group>"; };
		96D2006D2C14B5A0001B4B56 /* Preview Assets.xcassets */ = {isa = PBXFileReference; lastKnownFileType = folder.assetcatalog; path = "Preview Assets.xcassets"; sourceTree = "<group>"; };
		96D200742C15414B001B4B56 /* CampStore.swift */ = {isa = PBXFileReference; lastKnownFileType = sourcecode.swift; path = CampStore.swift; sourceTree = "<group>"; };
		96D200762C154192001B4B56 /* SDScheduleItem.swift */ = {isa = PBXFileReference; lastKnownFileType = sourcecode.swift; path = SDScheduleItem.swift; sourceTree = "<group>"; };
		96D200782C154289001B4B56 /* SummerCamp.entitlements */ = {isa = PBXFileReference; lastKnownFileType = text.plist.entitlements; path = SummerCamp.entitlements; sourceTree = "<group>"; };
		96D200792C1542F7001B4B56 /* Info.plist */ = {isa = PBXFileReference; lastKnownFileType = text.plist.xml; path = Info.plist; sourceTree = "<group>"; };
		96D2007A2C15495C001B4B56 /* SDActivity.swift */ = {isa = PBXFileReference; lastKnownFileType = sourcecode.swift; path = SDActivity.swift; sourceTree = "<group>"; };
		96D2007C2C164D10001B4B56 /* ActivityParser.swift */ = {isa = PBXFileReference; lastKnownFileType = sourcecode.swift; path = ActivityParser.swift; sourceTree = "<group>"; };
		96D2007E2C1660A0001B4B56 /* DayView.swift */ = {isa = PBXFileReference; lastKnownFileType = sourcecode.swift; path = DayView.swift; sourceTree = "<group>"; };
		96D200802C1660BD001B4B56 /* ScheduleView.swift */ = {isa = PBXFileReference; lastKnownFileType = sourcecode.swift; path = ScheduleView.swift; sourceTree = "<group>"; };
		96D200822C1660D2001B4B56 /* View+Extensions.swift */ = {isa = PBXFileReference; lastKnownFileType = sourcecode.swift; path = "View+Extensions.swift"; sourceTree = "<group>"; };
/* End PBXFileReference section */

/* Begin PBXFrameworksBuildPhase section */
		96D200602C14B59F001B4B56 /* Frameworks */ = {
			isa = PBXFrameworksBuildPhase;
			buildActionMask = 2147483647;
			files = (
			);
			runOnlyForDeploymentPostprocessing = 0;
		};
/* End PBXFrameworksBuildPhase section */

/* Begin PBXGroup section */
		96D2005A2C14B59F001B4B56 = {
			isa = PBXGroup;
			children = (
				96D200652C14B59F001B4B56 /* SummerCamp */,
				96D200642C14B59F001B4B56 /* Products */,
			);
			sourceTree = "<group>";
		};
		96D200642C14B59F001B4B56 /* Products */ = {
			isa = PBXGroup;
			children = (
				96D200632C14B59F001B4B56 /* SummerCamp.app */,
			);
			name = Products;
			sourceTree = "<group>";
		};
		96D200652C14B59F001B4B56 /* SummerCamp */ = {
			isa = PBXGroup;
			children = (
				96D200862C166132001B4B56 /* App */,
				96D200852C166125001B4B56 /* Utilities */,
				96D200842C16611A001B4B56 /* Model */,
				96D2006C2C14B5A0001B4B56 /* Preview Content */,
			);
			path = SummerCamp;
			sourceTree = "<group>";
		};
		96D2006C2C14B5A0001B4B56 /* Preview Content */ = {
			isa = PBXGroup;
			children = (
				96D2006D2C14B5A0001B4B56 /* Preview Assets.xcassets */,
			);
			path = "Preview Content";
			sourceTree = "<group>";
		};
		96D200842C16611A001B4B56 /* Model */ = {
			isa = PBXGroup;
			children = (
				96D200742C15414B001B4B56 /* CampStore.swift */,
				96D200762C154192001B4B56 /* SDScheduleItem.swift */,
				96D2007A2C15495C001B4B56 /* SDActivity.swift */,
				96D2007C2C164D10001B4B56 /* ActivityParser.swift */,
			);
			path = Model;
			sourceTree = "<group>";
		};
		96D200852C166125001B4B56 /* Utilities */ = {
			isa = PBXGroup;
			children = (
				96D200792C1542F7001B4B56 /* Info.plist */,
				96D2006A2C14B5A0001B4B56 /* Assets.xcassets */,
				96D200782C154289001B4B56 /* SummerCamp.entitlements */,
				968391962C166B580026AFAE /* Image+Extensions.swift */,
				96D200822C1660D2001B4B56 /* View+Extensions.swift */,
			);
			path = Utilities;
			sourceTree = "<group>";
		};
		96D200862C166132001B4B56 /* App */ = {
			isa = PBXGroup;
			children = (
				96D200662C14B59F001B4B56 /* SummerCampApp.swift */,
				96D200682C14B59F001B4B56 /* ContentView.swift */,
				96D2007E2C1660A0001B4B56 /* DayView.swift */,
				96D200802C1660BD001B4B56 /* ScheduleView.swift */,
			);
			path = App;
			sourceTree = "<group>";
		};
/* End PBXGroup section */

/* Begin PBXNativeTarget section */
		96D200622C14B59F001B4B56 /* SummerCamp */ = {
			isa = PBXNativeTarget;
			buildConfigurationList = 96D200712C14B5A0001B4B56 /* Build configuration list for PBXNativeTarget "SummerCamp" */;
			buildPhases = (
				96D2005F2C14B59F001B4B56 /* Sources */,
				96D200602C14B59F001B4B56 /* Frameworks */,
				96D200612C14B59F001B4B56 /* Resources */,
			);
			buildRules = (
			);
			dependencies = (
			);
			name = SummerCamp;
			productName = SummerCamp;
			productReference = 96D200632C14B59F001B4B56 /* SummerCamp.app */;
			productType = "com.apple.product-type.application";
		};
/* End PBXNativeTarget section */

/* Begin PBXProject section */
		96D2005B2C14B59F001B4B56 /* Project object */ = {
			isa = PBXProject;
			attributes = {
				BuildIndependentTargetsInParallel = 1;
				LastSwiftUpdateCheck = 1530;
				LastUpgradeCheck = 1530;
				TargetAttributes = {
					96D200622C14B59F001B4B56 = {
						CreatedOnToolsVersion = 15.3;
					};
				};
			};
			buildConfigurationList = 96D2005E2C14B59F001B4B56 /* Build configuration list for PBXProject "SummerCamp" */;
			compatibilityVersion = "Xcode 14.0";
			developmentRegion = en;
			hasScannedForEncodings = 0;
			knownRegions = (
				en,
				Base,
			);
			mainGroup = 96D2005A2C14B59F001B4B56;
			productRefGroup = 96D200642C14B59F001B4B56 /* Products */;
			projectDirPath = "";
			projectRoot = "";
			targets = (
				96D200622C14B59F001B4B56 /* SummerCamp */,
			);
		};
/* End PBXProject section */

/* Begin PBXResourcesBuildPhase section */
		96D200612C14B59F001B4B56 /* Resources */ = {
			isa = PBXResourcesBuildPhase;
			buildActionMask = 2147483647;
			files = (
				96D2006E2C14B5A0001B4B56 /* Preview Assets.xcassets in Resources */,
				96D2006B2C14B5A0001B4B56 /* Assets.xcassets in Resources */,
			);
			runOnlyForDeploymentPostprocessing = 0;
		};
/* End PBXResourcesBuildPhase section */

/* Begin PBXSourcesBuildPhase section */
		96D2005F2C14B59F001B4B56 /* Sources */ = {
			isa = PBXSourcesBuildPhase;
			buildActionMask = 2147483647;
			files = (
				96D2007F2C1660A0001B4B56 /* DayView.swift in Sources */,
				968391972C166B580026AFAE /* Image+Extensions.swift in Sources */,
				96D200832C1660D2001B4B56 /* View+Extensions.swift in Sources */,
				96D2007B2C15495C001B4B56 /* SDActivity.swift in Sources */,
				96D200692C14B59F001B4B56 /* ContentView.swift in Sources */,
				96D200672C14B59F001B4B56 /* SummerCampApp.swift in Sources */,
				96D200752C15414B001B4B56 /* CampStore.swift in Sources */,
				96D200812C1660BD001B4B56 /* ScheduleView.swift in Sources */,
				96D200772C154192001B4B56 /* SDScheduleItem.swift in Sources */,
				96D2007D2C164D10001B4B56 /* ActivityParser.swift in Sources */,
			);
			runOnlyForDeploymentPostprocessing = 0;
		};
/* End PBXSourcesBuildPhase section */

/* Begin XCBuildConfiguration section */
		96D2006F2C14B5A0001B4B56 /* Debug */ = {
			isa = XCBuildConfiguration;
			buildSettings = {
				ALWAYS_SEARCH_USER_PATHS = NO;
				ASSETCATALOG_COMPILER_GENERATE_SWIFT_ASSET_SYMBOL_EXTENSIONS = YES;
				CLANG_ANALYZER_NONNULL = YES;
				CLANG_ANALYZER_NUMBER_OBJECT_CONVERSION = YES_AGGRESSIVE;
				CLANG_CXX_LANGUAGE_STANDARD = "gnu++20";
				CLANG_ENABLE_MODULES = YES;
				CLANG_ENABLE_OBJC_ARC = YES;
				CLANG_ENABLE_OBJC_WEAK = YES;
				CLANG_WARN_BLOCK_CAPTURE_AUTORELEASING = YES;
				CLANG_WARN_BOOL_CONVERSION = YES;
				CLANG_WARN_COMMA = YES;
				CLANG_WARN_CONSTANT_CONVERSION = YES;
				CLANG_WARN_DEPRECATED_OBJC_IMPLEMENTATIONS = YES;
				CLANG_WARN_DIRECT_OBJC_ISA_USAGE = YES_ERROR;
				CLANG_WARN_DOCUMENTATION_COMMENTS = YES;
				CLANG_WARN_EMPTY_BODY = YES;
				CLANG_WARN_ENUM_CONVERSION = YES;
				CLANG_WARN_INFINITE_RECURSION = YES;
				CLANG_WARN_INT_CONVERSION = YES;
				CLANG_WARN_NON_LITERAL_NULL_CONVERSION = YES;
				CLANG_WARN_OBJC_IMPLICIT_RETAIN_SELF = YES;
				CLANG_WARN_OBJC_LITERAL_CONVERSION = YES;
				CLANG_WARN_OBJC_ROOT_CLASS = YES_ERROR;
				CLANG_WARN_QUOTED_INCLUDE_IN_FRAMEWORK_HEADER = YES;
				CLANG_WARN_RANGE_LOOP_ANALYSIS = YES;
				CLANG_WARN_STRICT_PROTOTYPES = YES;
				CLANG_WARN_SUSPICIOUS_MOVE = YES;
				CLANG_WARN_UNGUARDED_AVAILABILITY = YES_AGGRESSIVE;
				CLANG_WARN_UNREACHABLE_CODE = YES;
				CLANG_WARN__DUPLICATE_METHOD_MATCH = YES;
				COPY_PHASE_STRIP = NO;
				DEBUG_INFORMATION_FORMAT = dwarf;
				ENABLE_STRICT_OBJC_MSGSEND = YES;
				ENABLE_TESTABILITY = YES;
				ENABLE_USER_SCRIPT_SANDBOXING = YES;
				GCC_C_LANGUAGE_STANDARD = gnu17;
				GCC_DYNAMIC_NO_PIC = NO;
				GCC_NO_COMMON_BLOCKS = YES;
				GCC_OPTIMIZATION_LEVEL = 0;
				GCC_PREPROCESSOR_DEFINITIONS = (
					"DEBUG=1",
					"$(inherited)",
				);
				GCC_WARN_64_TO_32_BIT_CONVERSION = YES;
				GCC_WARN_ABOUT_RETURN_TYPE = YES_ERROR;
				GCC_WARN_UNDECLARED_SELECTOR = YES;
				GCC_WARN_UNINITIALIZED_AUTOS = YES_AGGRESSIVE;
				GCC_WARN_UNUSED_FUNCTION = YES;
				GCC_WARN_UNUSED_VARIABLE = YES;
				IPHONEOS_DEPLOYMENT_TARGET = 17.4;
				LOCALIZATION_PREFERS_STRING_CATALOGS = YES;
				MTL_ENABLE_DEBUG_INFO = INCLUDE_SOURCE;
				MTL_FAST_MATH = YES;
				ONLY_ACTIVE_ARCH = YES;
				SDKROOT = iphoneos;
				SWIFT_ACTIVE_COMPILATION_CONDITIONS = "DEBUG $(inherited)";
				SWIFT_OPTIMIZATION_LEVEL = "-Onone";
			};
			name = Debug;
		};
		96D200702C14B5A0001B4B56 /* Release */ = {
			isa = XCBuildConfiguration;
			buildSettings = {
				ALWAYS_SEARCH_USER_PATHS = NO;
				ASSETCATALOG_COMPILER_GENERATE_SWIFT_ASSET_SYMBOL_EXTENSIONS = YES;
				CLANG_ANALYZER_NONNULL = YES;
				CLANG_ANALYZER_NUMBER_OBJECT_CONVERSION = YES_AGGRESSIVE;
				CLANG_CXX_LANGUAGE_STANDARD = "gnu++20";
				CLANG_ENABLE_MODULES = YES;
				CLANG_ENABLE_OBJC_ARC = YES;
				CLANG_ENABLE_OBJC_WEAK = YES;
				CLANG_WARN_BLOCK_CAPTURE_AUTORELEASING = YES;
				CLANG_WARN_BOOL_CONVERSION = YES;
				CLANG_WARN_COMMA = YES;
				CLANG_WARN_CONSTANT_CONVERSION = YES;
				CLANG_WARN_DEPRECATED_OBJC_IMPLEMENTATIONS = YES;
				CLANG_WARN_DIRECT_OBJC_ISA_USAGE = YES_ERROR;
				CLANG_WARN_DOCUMENTATION_COMMENTS = YES;
				CLANG_WARN_EMPTY_BODY = YES;
				CLANG_WARN_ENUM_CONVERSION = YES;
				CLANG_WARN_INFINITE_RECURSION = YES;
				CLANG_WARN_INT_CONVERSION = YES;
				CLANG_WARN_NON_LITERAL_NULL_CONVERSION = YES;
				CLANG_WARN_OBJC_IMPLICIT_RETAIN_SELF = YES;
				CLANG_WARN_OBJC_LITERAL_CONVERSION = YES;
				CLANG_WARN_OBJC_ROOT_CLASS = YES_ERROR;
				CLANG_WARN_QUOTED_INCLUDE_IN_FRAMEWORK_HEADER = YES;
				CLANG_WARN_RANGE_LOOP_ANALYSIS = YES;
				CLANG_WARN_STRICT_PROTOTYPES = YES;
				CLANG_WARN_SUSPICIOUS_MOVE = YES;
				CLANG_WARN_UNGUARDED_AVAILABILITY = YES_AGGRESSIVE;
				CLANG_WARN_UNREACHABLE_CODE = YES;
				CLANG_WARN__DUPLICATE_METHOD_MATCH = YES;
				COPY_PHASE_STRIP = NO;
				DEBUG_INFORMATION_FORMAT = "dwarf-with-dsym";
				ENABLE_NS_ASSERTIONS = NO;
				ENABLE_STRICT_OBJC_MSGSEND = YES;
				ENABLE_USER_SCRIPT_SANDBOXING = YES;
				GCC_C_LANGUAGE_STANDARD = gnu17;
				GCC_NO_COMMON_BLOCKS = YES;
				GCC_WARN_64_TO_32_BIT_CONVERSION = YES;
				GCC_WARN_ABOUT_RETURN_TYPE = YES_ERROR;
				GCC_WARN_UNDECLARED_SELECTOR = YES;
				GCC_WARN_UNINITIALIZED_AUTOS = YES_AGGRESSIVE;
				GCC_WARN_UNUSED_FUNCTION = YES;
				GCC_WARN_UNUSED_VARIABLE = YES;
				IPHONEOS_DEPLOYMENT_TARGET = 17.4;
				LOCALIZATION_PREFERS_STRING_CATALOGS = YES;
				MTL_ENABLE_DEBUG_INFO = NO;
				MTL_FAST_MATH = YES;
				SDKROOT = iphoneos;
				SWIFT_COMPILATION_MODE = wholemodule;
				VALIDATE_PRODUCT = YES;
			};
			name = Release;
		};
		96D200722C14B5A0001B4B56 /* Debug */ = {
			isa = XCBuildConfiguration;
			buildSettings = {
				ASSETCATALOG_COMPILER_APPICON_NAME = AppIcon;
				ASSETCATALOG_COMPILER_GLOBAL_ACCENT_COLOR_NAME = AccentColor;
				CODE_SIGN_ENTITLEMENTS = SummerCamp/Utilities/SummerCamp.entitlements;
				CODE_SIGN_STYLE = Automatic;
				CURRENT_PROJECT_VERSION = 1;
				DEVELOPMENT_ASSET_PATHS = "\"SummerCamp/Preview Content\"";
				DEVELOPMENT_TEAM = 2GPQ8GE99T;
				ENABLE_PREVIEWS = YES;
				GENERATE_INFOPLIST_FILE = YES;
				INFOPLIST_FILE = "SummerCamp/Utilities//Info.plist";
				INFOPLIST_KEY_UIApplicationSceneManifest_Generation = YES;
				INFOPLIST_KEY_UIApplicationSupportsIndirectInputEvents = YES;
				INFOPLIST_KEY_UILaunchScreen_Generation = YES;
				INFOPLIST_KEY_UISupportedInterfaceOrientations_iPad = "UIInterfaceOrientationPortrait UIInterfaceOrientationPortraitUpsideDown UIInterfaceOrientationLandscapeLeft UIInterfaceOrientationLandscapeRight";
				INFOPLIST_KEY_UISupportedInterfaceOrientations_iPhone = "UIInterfaceOrientationPortrait UIInterfaceOrientationLandscapeLeft UIInterfaceOrientationLandscapeRight";
				LD_RUNPATH_SEARCH_PATHS = (
					"$(inherited)",
					"@executable_path/Frameworks",
				);
				MARKETING_VERSION = 1.0;
				PRODUCT_BUNDLE_IDENTIFIER = com.jyjapps.SummerCamp;
				PRODUCT_NAME = "$(TARGET_NAME)";
				SWIFT_EMIT_LOC_STRINGS = YES;
				SWIFT_VERSION = 5.0;
				TARGETED_DEVICE_FAMILY = "1,2";
			};
			name = Debug;
		};
		96D200732C14B5A0001B4B56 /* Release */ = {
			isa = XCBuildConfiguration;
			buildSettings = {
				ASSETCATALOG_COMPILER_APPICON_NAME = AppIcon;
				ASSETCATALOG_COMPILER_GLOBAL_ACCENT_COLOR_NAME = AccentColor;
				CODE_SIGN_ENTITLEMENTS = SummerCamp/Utilities/SummerCamp.entitlements;
				CODE_SIGN_STYLE = Automatic;
				CURRENT_PROJECT_VERSION = 1;
				DEVELOPMENT_ASSET_PATHS = "\"SummerCamp/Preview Content\"";
				DEVELOPMENT_TEAM = 2GPQ8GE99T;
				ENABLE_PREVIEWS = YES;
				GENERATE_INFOPLIST_FILE = YES;
				INFOPLIST_FILE = "SummerCamp/Utilities//Info.plist";
				INFOPLIST_KEY_UIApplicationSceneManifest_Generation = YES;
				INFOPLIST_KEY_UIApplicationSupportsIndirectInputEvents = YES;
				INFOPLIST_KEY_UILaunchScreen_Generation = YES;
				INFOPLIST_KEY_UISupportedInterfaceOrientations_iPad = "UIInterfaceOrientationPortrait UIInterfaceOrientationPortraitUpsideDown UIInterfaceOrientationLandscapeLeft UIInterfaceOrientationLandscapeRight";
				INFOPLIST_KEY_UISupportedInterfaceOrientations_iPhone = "UIInterfaceOrientationPortrait UIInterfaceOrientationLandscapeLeft UIInterfaceOrientationLandscapeRight";
				LD_RUNPATH_SEARCH_PATHS = (
					"$(inherited)",
					"@executable_path/Frameworks",
				);
				MARKETING_VERSION = 1.0;
				PRODUCT_BUNDLE_IDENTIFIER = com.jyjapps.SummerCamp;
				PRODUCT_NAME = "$(TARGET_NAME)";
				SWIFT_EMIT_LOC_STRINGS = YES;
				SWIFT_VERSION = 5.0;
				TARGETED_DEVICE_FAMILY = "1,2";
			};
			name = Release;
		};
/* End XCBuildConfiguration section */

/* Begin XCConfigurationList section */
		96D2005E2C14B59F001B4B56 /* Build configuration list for PBXProject "SummerCamp" */ = {
			isa = XCConfigurationList;
			buildConfigurations = (
				96D2006F2C14B5A0001B4B56 /* Debug */,
				96D200702C14B5A0001B4B56 /* Release */,
			);
			defaultConfigurationIsVisible = 0;
			defaultConfigurationName = Release;
		};
		96D200712C14B5A0001B4B56 /* Build configuration list for PBXNativeTarget "SummerCamp" */ = {
			isa = XCConfigurationList;
			buildConfigurations = (
				96D200722C14B5A0001B4B56 /* Debug */,
				96D200732C14B5A0001B4B56 /* Release */,
			);
			defaultConfigurationIsVisible = 0;
			defaultConfigurationName = Release;
		};
/* End XCConfigurationList section */
	};
	rootObject = 96D2005B2C14B59F001B4B56 /* Project object */;
}
